
Microsoft Visual Studio Solution File, Format Version 12.00
# Visual Studio Version 17
VisualStudioVersion = 17.13.35828.75 d17.13
MinimumVisualStudioVersion = 10.0.40219.1
Project("{FAE04EC0-301F-11D3-BF4B-00C04F79EFBC}") = "Projekt-ToDoList", "Projekt-ToDoList.csproj", "{4CC83B79-ECF3-4746-A6E2-19D3D494C95A}"
EndProject
Global
	GlobalSection(SolutionConfigurationPlatforms) = preSolution
		Debug|Any CPU = Debug|Any CPU
		Release|Any CPU = Release|Any CPU
	EndGlobalSection
	GlobalSection(ProjectConfigurationPlatforms) = postSolution
		{4CC83B79-ECF3-4746-A6E2-19D3D494C95A}.Debug|Any CPU.ActiveCfg = Debug|Any CPU
		{4CC83B79-ECF3-4746-A6E2-19D3D494C95A}.Debug|Any CPU.Build.0 = Debug|Any CPU
		{4CC83B79-ECF3-4746-A6E2-19D3D494C95A}.Release|Any CPU.ActiveCfg = Release|Any CPU
		{4CC83B79-ECF3-4746-A6E2-19D3D494C95A}.Release|Any CPU.Build.0 = Release|Any CPU
	EndGlobalSection
	GlobalSection(SolutionProperties) = preSolution
		HideSolutionNode = FALSE
	EndGlobalSection
	GlobalSection(ExtensibilityGlobals) = postSolution
		SolutionGuid = {913CD4F2-589B-44AD-80DE-7B475F7BE225}
	EndGlobalSection
EndGlobal
